
Microsoft Visual Studio Solution File, Format Version 12.00
# Visual Studio 14
VisualStudioVersion = 14.0.25420.1
MinimumVisualStudioVersion = 10.0.40219.1
Project("{FAE04EC0-301F-11D3-BF4B-00C04F79EFBC}") = "01-01-Greeting", "01-01-Greeting\01-01-Greeting.csproj", "{4F0BD2DE-7D77-42D7-90AA-D59C321CDCDD}"
EndProject
Project("{FAE04EC0-301F-11D3-BF4B-00C04F79EFBC}") = "01-02-AddTwoNumbers", "01-02-AddTwoNumbers\01-02-AddTwoNumbers.csproj", "{61B84AFD-C415-4658-BC3D-B0B252BA21D7}"
EndProject
Project("{FAE04EC0-301F-11D3-BF4B-00C04F79EFBC}") = "01-03-EmployeeData", "01-03-EmployeeData\01-03-EmployeeData.csproj", "{13FFADBB-31DD-4039-8945-ABCEDD4C66C5}"
EndProject
Project("{FAE04EC0-301F-11D3-BF4B-00C04F79EFBC}") = "01e-01-DebitHardNumber", "01e-01-DebitHardNumber\01e-01-DebitHardNumber.csproj", "{589D0C7A-DD2F-4233-80B4-93D1BC275B26}"
EndProject
Project("{FAE04EC0-301F-11D3-BF4B-00C04F79EFBC}") = "01e-01-RectangleArea", "01e-01-RectangleArea\01e-01-RectangleArea.csproj", "{DA905C2C-FBD8-4CE0-B9C5-86D6E9C95DDC}"
EndProject
Project("{FAE04EC0-301F-11D3-BF4B-00C04F79EFBC}") = "01e-03-MilesToKilometers", "01e-03-MilesToKilometers\01e-03-MilesToKilometers.csproj", "{3EC8B713-8C49-42A7-AE09-B19051DF7C63}"
EndProject
Project("{FAE04EC0-301F-11D3-BF4B-00C04F79EFBC}") = "01e-04-BeverageLabels", "01e-04-BeverageLabels\01e-04-BeverageLabels.csproj", "{D763876D-477A-46D4-BB60-72AEE02FF968}"
EndProject
Project("{FAE04EC0-301F-11D3-BF4B-00C04F79EFBC}") = "01e-05-CharacterStats", "01e-05-CharacterStats\01e-05-CharacterStats.csproj", "{478150A0-2861-46B2-B518-01B2A23A78B2}"
EndProject
Project("{2150E333-8FDC-42A3-9474-1A3956D46DE8}") = "01", "01", "{C465FF7B-B27D-41FD-B0C9-3B20E432B780}"
EndProject
Project("{2150E333-8FDC-42A3-9474-1A3956D46DE8}") = "02", "02", "{26BC8FBF-4F90-4BFD-BF3E-196949A601F7}"
EndProject
Project("{FAE04EC0-301F-11D3-BF4B-00C04F79EFBC}") = "02-01-Passed", "02-01-Passed\02-01-Passed.csproj", "{1FFF772E-DCC2-49FF-96CB-29BDA461768C}"
EndProject
Project("{FAE04EC0-301F-11D3-BF4B-00C04F79EFBC}") = "02-02-PassedOrFailed", "02-02-PassedOrFailed\02-02-PassedOrFailed.csproj", "{DDDFE464-6B37-4553-A3CE-700DE9B1B870}"
EndProject
Project("{FAE04EC0-301F-11D3-BF4B-00C04F79EFBC}") = "02-03-BackIn30Min", "02-03-BackIn30Min\02-03-BackIn30Min.csproj", "{D3E010C8-4568-4FA6-8DD1-AD865718C557}"
EndProject
Project("{FAE04EC0-301F-11D3-BF4B-00C04F79EFBC}") = "02-04-MonthPrimer", "02-04-MonthPrimer\02-04-MonthPrimer.csproj", "{378D618A-9A01-4969-AE54-06C92B934FC7}"
EndProject
Project("{FAE04EC0-301F-11D3-BF4B-00C04F79EFBC}") = "02-05-ForeignLanguage", "02-05-ForeignLanguage\02-05-ForeignLanguage.csproj", "{DF35AD41-1C9F-4AFC-809B-312E95FA2978}"
EndProject
Project("{FAE04EC0-301F-11D3-BF4B-00C04F79EFBC}") = "02-05-TheaterPromotions", "02-05-TheaterPromotions\02-05-TheaterPromotions.csproj", "{FDA2C39D-7D62-4C06-B008-5E84673BC198}"
EndProject
Project("{FAE04EC0-301F-11D3-BF4B-00C04F79EFBC}") = "02-07-DivisibleBy7", "02-07-DivisibleBy7\02-07-DivisibleBy7.csproj", "{503AF8D3-2811-4244-8B7E-11A55E0B8238}"
EndProject
Project("{FAE04EC0-301F-11D3-BF4B-00C04F79EFBC}") = "02-08-SumOfOddNumbers", "02-08-SumOfOddNumbers\02-08-SumOfOddNumbers.csproj", "{22620618-C9D6-470B-B066-49B67B4D022D}"
EndProject
Project("{FAE04EC0-301F-11D3-BF4B-00C04F79EFBC}") = "02-09-MultiplicationTable", "02-09-MultiplicationTable\02-09-MultiplicationTable.csproj", "{F6608BBC-F986-45B9-AFAF-8C56EBC9CFC7}"
EndProject
Project("{FAE04EC0-301F-11D3-BF4B-00C04F79EFBC}") = "02-10-MultiplicationNumberV2", "02-10-MultiplicationNumberV2\02-10-MultiplicationNumberV2.csproj", "{F06DE27E-48B1-4A4E-981C-877BACA4BCB8}"
EndProject
Project("{FAE04EC0-301F-11D3-BF4B-00C04F79EFBC}") = "02-11-OddNumber", "02-11-OddNumber\02-11-OddNumber.csproj", "{850E7972-77E7-4046-B68D-FE8A918356F8}"
EndProject
Project("{FAE04EC0-301F-11D3-BF4B-00C04F79EFBC}") = "02-12-NumberChecker", "02-12-NumberChecker\02-12-NumberChecker.csproj", "{38B6DF73-4D45-4995-B7CA-4FE1D2BA58AB}"
EndProject
Project("{2150E333-8FDC-42A3-9474-1A3956D46DE8}") = "01е", "01е", "{41086F6D-8E45-4482-9B0C-0B2B48197C39}"
EndProject
Project("{2150E333-8FDC-42A3-9474-1A3956D46DE8}") = "02е", "02е", "{2549CE9F-44EC-4C87-90D1-EC0E27F38771}"
EndProject
Project("{FAE04EC0-301F-11D3-BF4B-00C04F79EFBC}") = "02e-01-ChooseADrink", "02e-01-ChooseADrink\02e-01-ChooseADrink.csproj", "{CF4B3EE4-9EFD-4C73-96CD-36CFD1E022B0}"
EndProject
Project("{FAE04EC0-301F-11D3-BF4B-00C04F79EFBC}") = "02e-02-ChooseADrinkV2", "02e-02-ChooseADrinkV2\02e-02-ChooseADrinkV2.csproj", "{566F8030-3394-49AD-B89A-1113AE465154}"
EndProject
Project("{FAE04EC0-301F-11D3-BF4B-00C04F79EFBC}") = "02e-03-RestaurantDiscount", "02e-03-RestaurantDiscount\02e-03-RestaurantDiscount.csproj", "{035EEDCC-DCC7-41A0-B3CD-FF827374A92B}"
EndProject
Project("{FAE04EC0-301F-11D3-BF4B-00C04F79EFBC}") = "02e-04-Hotel", "02e-04-Hotel\02e-04-Hotel.csproj", "{904A9310-5CE6-4EDF-B6E4-9F85EBE4A21D}"
EndProject
Project("{FAE04EC0-301F-11D3-BF4B-00C04F79EFBC}") = "02e-05-WordsInPlural", "02e-05-WordsInPlural\02e-05-WordsInPlural.csproj", "{4D37E5FF-4833-4F14-B685-3C76D9DC1ECF}"
EndProject
Project("{FAE04EC0-301F-11D3-BF4B-00C04F79EFBC}") = "02e-06-IntervalOfNumbers", "02e-06-IntervalOfNumbers\02e-06-IntervalOfNumbers.csproj", "{593ECCA6-042D-4D08-B1EF-CC0D50A37A47}"
EndProject
Project("{FAE04EC0-301F-11D3-BF4B-00C04F79EFBC}") = "02e-07-CakeIngredients", "02e-07-CakeIngredients\02e-07-CakeIngredients.csproj", "{61584338-191C-41B1-B874-628F7EA30C64}"
EndProject
Project("{FAE04EC0-301F-11D3-BF4B-00C04F79EFBC}") = "02e-08-CaloriesCounter", "02e-08-CaloriesCounter\02e-08-CaloriesCounter.csproj", "{3CBF3F0C-665C-4BC2-9B49-4B291EDC1BA4}"
EndProject
Project("{FAE04EC0-301F-11D3-BF4B-00C04F79EFBC}") = "02e-09-CountTheIntegers", "02e-09-CountTheIntegers\02e-09-CountTheIntegers.csproj", "{371BB183-8664-431E-9420-50E7EA3AD00A}"
EndProject
Project("{FAE04EC0-301F-11D3-BF4B-00C04F79EFBC}") = "02e-10-TriangleOfNumbers", "02e-10-TriangleOfNumbers\02e-10-TriangleOfNumbers.csproj", "{A84E8EAD-6778-45EE-8F75-6BF8B0725F08}"
EndProject
Project("{FAE04EC0-301F-11D3-BF4B-00C04F79EFBC}") = "02e-11-DifferentNumbers", "02e-11-DifferentNumbers\02e-11-DifferentNumbers.csproj", "{A2E0EB8C-5EB9-444C-B08F-116E80210A7E}"
EndProject
Project("{FAE04EC0-301F-11D3-BF4B-00C04F79EFBC}") = "02e-14-MagicLetter", "02e-14-MagicLetter\02e-14-MagicLetter.csproj", "{8C326CDA-A0A5-494A-B3A9-8CD2B3034178}"
EndProject
Project("{FAE04EC0-301F-11D3-BF4B-00C04F79EFBC}") = "02e-15-NeighbourWars", "02e-15-NeighbourWars\02e-15-NeighbourWars.csproj", "{886EDC06-4C26-49E0-8B55-CBCF1CBBD7FE}"
EndProject
Project("{FAE04EC0-301F-11D3-BF4B-00C04F79EFBC}") = "02e-12-TestNumbers", "02e-12-TestNumbers\02e-12-TestNumbers.csproj", "{872F07B7-03E2-4CD4-ABFE-BB220E8617D5}"
EndProject
Project("{FAE04EC0-301F-11D3-BF4B-00C04F79EFBC}") = "02e-13-GameOfNumbers", "02e-13-GameOfNumbers\02e-13-GameOfNumbers.csproj", "{BA1F2721-43FA-4ADC-9D80-1BDEA417795D}"
EndProject
Project("{2150E333-8FDC-42A3-9474-1A3956D46DE8}") = "04", "04", "{66D4D40C-9C00-4689-989B-C80532BDB017}"
EndProject
Project("{FAE04EC0-301F-11D3-BF4B-00C04F79EFBC}") = "04-01-CenturiesToMinutes", "04-01-CenturiesToMinutes\04-01-CenturiesToMinutes.csproj", "{B6586E8C-7BA3-4C9F-A3C1-8AE212A2BE53}"
EndProject
Project("{FAE04EC0-301F-11D3-BF4B-00C04F79EFBC}") = "04-02-CircleArea12precision", "04-02-CircleArea12precision\04-02-CircleArea12precision.csproj", "{47C9E123-0D65-48D3-A1FC-5442140F1833}"
EndProject
Project("{FAE04EC0-301F-11D3-BF4B-00C04F79EFBC}") = "04-03-ExactSumOfRealNumbers", "04-03-ExactSumOfRealNumbers\04-03-ExactSumOfRealNumbers.csproj", "{BAB48F7F-BEB4-4CE0-9650-48EEF7E0FE4B}"
EndProject
Project("{FAE04EC0-301F-11D3-BF4B-00C04F79EFBC}") = "04-05-SpecialNumbers", "04-05-SpecialNumbers\04-05-SpecialNumbers.csproj", "{01D5BF83-C783-4DF2-8D55-35823B5E7253}"
EndProject
Project("{FAE04EC0-301F-11D3-BF4B-00C04F79EFBC}") = "04-04-Elevator", "04-04-Elevator\04-04-Elevator.csproj", "{CFC7584C-93D7-4216-B5E1-DBE1A4A338FA}"
EndProject
Project("{FAE04EC0-301F-11D3-BF4B-00C04F79EFBC}") = "04-06-TripletsOfLetters", "04-06-TripletsOfLetters\04-06-TripletsOfLetters.csproj", "{4910BE95-4391-40F2-AE1B-7823D2AEC133}"
EndProject
Project("{2150E333-8FDC-42A3-9474-1A3956D46DE8}") = "04e", "04e", "{65F45CB2-EE08-4D75-AF69-53228E3DDF21}"
EndProject
Project("{FAE04EC0-301F-11D3-BF4B-00C04F79EFBC}") = "04e-01-PracticeIntegers", "04e-01-PracticeIntegers\04e-01-PracticeIntegers.csproj", "{D7A67590-0A68-4BAE-B420-FA3C2BEC8643}"
EndProject
Project("{FAE04EC0-301F-11D3-BF4B-00C04F79EFBC}") = "04e-02-PracticeFloats", "04e-02-PracticeFloats\04e-02-PracticeFloats.csproj", "{CC2AC24F-EF36-4446-8AAB-553C99AF6501}"
EndProject
Project("{FAE04EC0-301F-11D3-BF4B-00C04F79EFBC}") = "04e-03-PracticeCharsStrings", "04e-03-PracticeCharsStrings\04e-03-PracticeCharsStrings.csproj", "{2E495955-566F-4EF7-BA0E-28EBEF24DB0B}"
EndProject
Project("{FAE04EC0-301F-11D3-BF4B-00C04F79EFBC}") = "04e-04-VariablesInHex", "04e-04-VariablesInHex\04e-04-VariablesInHex.csproj", "{684752AA-0B47-4313-B3B9-4DF41506BB0F}"
EndProject
Project("{FAE04EC0-301F-11D3-BF4B-00C04F79EFBC}") = "04e-05-Boolean", "04e-05-Boolean\04e-05-Boolean.csproj", "{3D8FCC56-FDD9-45EA-9B80-9C46021EEAE4}"
EndProject
Project("{FAE04EC0-301F-11D3-BF4B-00C04F79EFBC}") = "04e-06-StringsAndObject", "04e-06-StringsAndObject\04e-06-StringsAndObject.csproj", "{81366A20-55B8-41D6-A84C-240899198F0A}"
EndProject
Project("{FAE04EC0-301F-11D3-BF4B-00C04F79EFBC}") = "04e-07-ExchangeVariableValues", "04e-07-ExchangeVariableValues\04e-07-ExchangeVariableValues.csproj", "{91165015-0E47-461D-B3A3-BBB82B18C7A4}"
EndProject
Project("{FAE04EC0-301F-11D3-BF4B-00C04F79EFBC}") = "04e-08-EmployeeData", "04e-08-EmployeeData\04e-08-EmployeeData.csproj", "{2F40B7D6-16B5-4316-81B2-6BFECEB2C237}"
EndProject
Project("{FAE04EC0-301F-11D3-BF4B-00C04F79EFBC}") = "04e-09-ReverseCharacters", "04e-09-ReverseCharacters\04e-09-ReverseCharacters.csproj", "{DEF9B5BB-F4DD-4A1D-AA0F-690D07B8619E}"
EndProject
Project("{FAE04EC0-301F-11D3-BF4B-00C04F79EFBC}") = "04e-10-CenturiesToNanoseconds", "04e-10-CenturiesToNanoseconds\04e-10-CenturiesToNanoseconds.csproj", "{63B28304-63C6-4570-9518-FEF500D3F039}"
EndProject
Project("{FAE04EC0-301F-11D3-BF4B-00C04F79EFBC}") = "04e-11-ConvertSpeedUnits", "04e-11-ConvertSpeedUnits\04e-11-ConvertSpeedUnits.csproj", "{825FD1CB-D425-4033-B7BA-BA23EA7BF34A}"
EndProject
Project("{FAE04EC0-301F-11D3-BF4B-00C04F79EFBC}") = "04e-12-RectangleProperties", "04e-12-RectangleProperties\04e-12-RectangleProperties.csproj", "{4FEFA8ED-E2F9-4B63-9890-42F9C199A887}"
EndProject
Project("{FAE04EC0-301F-11D3-BF4B-00C04F79EFBC}") = "04e-13-VowelOrDigit", "04e-13-VowelOrDigit\04e-13-VowelOrDigit.csproj", "{BFD705AF-24DC-453E-8E70-E55AE266B6E6}"
EndProject
Project("{FAE04EC0-301F-11D3-BF4B-00C04F79EFBC}") = "04e-14-IntegerToHexAndBinary", "04e-14-IntegerToHexAndBinary\04e-14-IntegerToHexAndBinary.csproj", "{56B87041-2637-45B3-86DB-41A5A7F5DCB1}"
EndProject
Project("{FAE04EC0-301F-11D3-BF4B-00C04F79EFBC}") = "04e-15-FastPrimeChecker", "04e-15-FastPrimeChecker\04e-15-FastPrimeChecker.csproj", "{F81CCB89-D1BA-47D6-A8C8-8E52EAFEDEE2}"
EndProject
Project("{FAE04EC0-301F-11D3-BF4B-00C04F79EFBC}") = "04e-16-ComparingFloats", "04e-16-ComparingFloats\04e-16-ComparingFloats.csproj", "{DD2040B6-78F6-4BBF-BD22-CBAB37AB2FD3}"
EndProject
Project("{FAE04EC0-301F-11D3-BF4B-00C04F79EFBC}") = "04e-17-PrintPartOfACIITable", "04e-17-PrintPartOfACIITable\04e-17-PrintPartOfACIITable.csproj", "{5DF0BEB0-9AAF-4F69-87C6-1B68D76F6849}"
EndProject
Project("{FAE04EC0-301F-11D3-BF4B-00C04F79EFBC}") = "04e-18-DifferentIntegerSize", "04e-18-DifferentIntegerSize\04e-18-DifferentIntegerSize.csproj", "{987890D5-136C-4ABB-B66E-1346182C6E27}"
EndProject
Project("{FAE04EC0-301F-11D3-BF4B-00C04F79EFBC}") = "04e-19-TheaThePhotographer", "04e-19-TheaThePhotographer\04e-19-TheaThePhotographer.csproj", "{ACB5F886-B32C-466E-B9A5-182DAAECA5A5}"
EndProject
Project("{FAE04EC0-301F-11D3-BF4B-00C04F79EFBC}") = "04e-19-TheaThePhotographerTimeSpan", "04e-19-TheaThePhotographerTimeSpan\04e-19-TheaThePhotographerTimeSpan.csproj", "{2BBFC613-7A94-4928-B762-96899F54560C}"
EndProject
Global
	GlobalSection(SolutionConfigurationPlatforms) = preSolution
		Debug|Any CPU = Debug|Any CPU
		Release|Any CPU = Release|Any CPU
	EndGlobalSection
	GlobalSection(ProjectConfigurationPlatforms) = postSolution
		{4F0BD2DE-7D77-42D7-90AA-D59C321CDCDD}.Debug|Any CPU.ActiveCfg = Debug|Any CPU
		{4F0BD2DE-7D77-42D7-90AA-D59C321CDCDD}.Debug|Any CPU.Build.0 = Debug|Any CPU
		{4F0BD2DE-7D77-42D7-90AA-D59C321CDCDD}.Release|Any CPU.ActiveCfg = Release|Any CPU
		{4F0BD2DE-7D77-42D7-90AA-D59C321CDCDD}.Release|Any CPU.Build.0 = Release|Any CPU
		{61B84AFD-C415-4658-BC3D-B0B252BA21D7}.Debug|Any CPU.ActiveCfg = Debug|Any CPU
		{61B84AFD-C415-4658-BC3D-B0B252BA21D7}.Debug|Any CPU.Build.0 = Debug|Any CPU
		{61B84AFD-C415-4658-BC3D-B0B252BA21D7}.Release|Any CPU.ActiveCfg = Release|Any CPU
		{61B84AFD-C415-4658-BC3D-B0B252BA21D7}.Release|Any CPU.Build.0 = Release|Any CPU
		{13FFADBB-31DD-4039-8945-ABCEDD4C66C5}.Debug|Any CPU.ActiveCfg = Debug|Any CPU
		{13FFADBB-31DD-4039-8945-ABCEDD4C66C5}.Debug|Any CPU.Build.0 = Debug|Any CPU
		{13FFADBB-31DD-4039-8945-ABCEDD4C66C5}.Release|Any CPU.ActiveCfg = Release|Any CPU
		{13FFADBB-31DD-4039-8945-ABCEDD4C66C5}.Release|Any CPU.Build.0 = Release|Any CPU
		{589D0C7A-DD2F-4233-80B4-93D1BC275B26}.Debug|Any CPU.ActiveCfg = Debug|Any CPU
		{589D0C7A-DD2F-4233-80B4-93D1BC275B26}.Debug|Any CPU.Build.0 = Debug|Any CPU
		{589D0C7A-DD2F-4233-80B4-93D1BC275B26}.Release|Any CPU.ActiveCfg = Release|Any CPU
		{589D0C7A-DD2F-4233-80B4-93D1BC275B26}.Release|Any CPU.Build.0 = Release|Any CPU
		{DA905C2C-FBD8-4CE0-B9C5-86D6E9C95DDC}.Debug|Any CPU.ActiveCfg = Debug|Any CPU
		{DA905C2C-FBD8-4CE0-B9C5-86D6E9C95DDC}.Debug|Any CPU.Build.0 = Debug|Any CPU
		{DA905C2C-FBD8-4CE0-B9C5-86D6E9C95DDC}.Release|Any CPU.ActiveCfg = Release|Any CPU
		{DA905C2C-FBD8-4CE0-B9C5-86D6E9C95DDC}.Release|Any CPU.Build.0 = Release|Any CPU
		{3EC8B713-8C49-42A7-AE09-B19051DF7C63}.Debug|Any CPU.ActiveCfg = Debug|Any CPU
		{3EC8B713-8C49-42A7-AE09-B19051DF7C63}.Debug|Any CPU.Build.0 = Debug|Any CPU
		{3EC8B713-8C49-42A7-AE09-B19051DF7C63}.Release|Any CPU.ActiveCfg = Release|Any CPU
		{3EC8B713-8C49-42A7-AE09-B19051DF7C63}.Release|Any CPU.Build.0 = Release|Any CPU
		{D763876D-477A-46D4-BB60-72AEE02FF968}.Debug|Any CPU.ActiveCfg = Debug|Any CPU
		{D763876D-477A-46D4-BB60-72AEE02FF968}.Debug|Any CPU.Build.0 = Debug|Any CPU
		{D763876D-477A-46D4-BB60-72AEE02FF968}.Release|Any CPU.ActiveCfg = Release|Any CPU
		{D763876D-477A-46D4-BB60-72AEE02FF968}.Release|Any CPU.Build.0 = Release|Any CPU
		{478150A0-2861-46B2-B518-01B2A23A78B2}.Debug|Any CPU.ActiveCfg = Debug|Any CPU
		{478150A0-2861-46B2-B518-01B2A23A78B2}.Debug|Any CPU.Build.0 = Debug|Any CPU
		{478150A0-2861-46B2-B518-01B2A23A78B2}.Release|Any CPU.ActiveCfg = Release|Any CPU
		{478150A0-2861-46B2-B518-01B2A23A78B2}.Release|Any CPU.Build.0 = Release|Any CPU
		{1FFF772E-DCC2-49FF-96CB-29BDA461768C}.Debug|Any CPU.ActiveCfg = Debug|Any CPU
		{1FFF772E-DCC2-49FF-96CB-29BDA461768C}.Debug|Any CPU.Build.0 = Debug|Any CPU
		{1FFF772E-DCC2-49FF-96CB-29BDA461768C}.Release|Any CPU.ActiveCfg = Release|Any CPU
		{1FFF772E-DCC2-49FF-96CB-29BDA461768C}.Release|Any CPU.Build.0 = Release|Any CPU
		{DDDFE464-6B37-4553-A3CE-700DE9B1B870}.Debug|Any CPU.ActiveCfg = Debug|Any CPU
		{DDDFE464-6B37-4553-A3CE-700DE9B1B870}.Debug|Any CPU.Build.0 = Debug|Any CPU
		{DDDFE464-6B37-4553-A3CE-700DE9B1B870}.Release|Any CPU.ActiveCfg = Release|Any CPU
		{DDDFE464-6B37-4553-A3CE-700DE9B1B870}.Release|Any CPU.Build.0 = Release|Any CPU
		{D3E010C8-4568-4FA6-8DD1-AD865718C557}.Debug|Any CPU.ActiveCfg = Debug|Any CPU
		{D3E010C8-4568-4FA6-8DD1-AD865718C557}.Debug|Any CPU.Build.0 = Debug|Any CPU
		{D3E010C8-4568-4FA6-8DD1-AD865718C557}.Release|Any CPU.ActiveCfg = Release|Any CPU
		{D3E010C8-4568-4FA6-8DD1-AD865718C557}.Release|Any CPU.Build.0 = Release|Any CPU
		{378D618A-9A01-4969-AE54-06C92B934FC7}.Debug|Any CPU.ActiveCfg = Debug|Any CPU
		{378D618A-9A01-4969-AE54-06C92B934FC7}.Debug|Any CPU.Build.0 = Debug|Any CPU
		{378D618A-9A01-4969-AE54-06C92B934FC7}.Release|Any CPU.ActiveCfg = Release|Any CPU
		{378D618A-9A01-4969-AE54-06C92B934FC7}.Release|Any CPU.Build.0 = Release|Any CPU
		{DF35AD41-1C9F-4AFC-809B-312E95FA2978}.Debug|Any CPU.ActiveCfg = Debug|Any CPU
		{DF35AD41-1C9F-4AFC-809B-312E95FA2978}.Debug|Any CPU.Build.0 = Debug|Any CPU
		{DF35AD41-1C9F-4AFC-809B-312E95FA2978}.Release|Any CPU.ActiveCfg = Release|Any CPU
		{DF35AD41-1C9F-4AFC-809B-312E95FA2978}.Release|Any CPU.Build.0 = Release|Any CPU
		{FDA2C39D-7D62-4C06-B008-5E84673BC198}.Debug|Any CPU.ActiveCfg = Debug|Any CPU
		{FDA2C39D-7D62-4C06-B008-5E84673BC198}.Debug|Any CPU.Build.0 = Debug|Any CPU
		{FDA2C39D-7D62-4C06-B008-5E84673BC198}.Release|Any CPU.ActiveCfg = Release|Any CPU
		{FDA2C39D-7D62-4C06-B008-5E84673BC198}.Release|Any CPU.Build.0 = Release|Any CPU
		{503AF8D3-2811-4244-8B7E-11A55E0B8238}.Debug|Any CPU.ActiveCfg = Debug|Any CPU
		{503AF8D3-2811-4244-8B7E-11A55E0B8238}.Debug|Any CPU.Build.0 = Debug|Any CPU
		{503AF8D3-2811-4244-8B7E-11A55E0B8238}.Release|Any CPU.ActiveCfg = Release|Any CPU
		{503AF8D3-2811-4244-8B7E-11A55E0B8238}.Release|Any CPU.Build.0 = Release|Any CPU
		{22620618-C9D6-470B-B066-49B67B4D022D}.Debug|Any CPU.ActiveCfg = Debug|Any CPU
		{22620618-C9D6-470B-B066-49B67B4D022D}.Debug|Any CPU.Build.0 = Debug|Any CPU
		{22620618-C9D6-470B-B066-49B67B4D022D}.Release|Any CPU.ActiveCfg = Release|Any CPU
		{22620618-C9D6-470B-B066-49B67B4D022D}.Release|Any CPU.Build.0 = Release|Any CPU
		{F6608BBC-F986-45B9-AFAF-8C56EBC9CFC7}.Debug|Any CPU.ActiveCfg = Debug|Any CPU
		{F6608BBC-F986-45B9-AFAF-8C56EBC9CFC7}.Debug|Any CPU.Build.0 = Debug|Any CPU
		{F6608BBC-F986-45B9-AFAF-8C56EBC9CFC7}.Release|Any CPU.ActiveCfg = Release|Any CPU
		{F6608BBC-F986-45B9-AFAF-8C56EBC9CFC7}.Release|Any CPU.Build.0 = Release|Any CPU
		{F06DE27E-48B1-4A4E-981C-877BACA4BCB8}.Debug|Any CPU.ActiveCfg = Debug|Any CPU
		{F06DE27E-48B1-4A4E-981C-877BACA4BCB8}.Debug|Any CPU.Build.0 = Debug|Any CPU
		{F06DE27E-48B1-4A4E-981C-877BACA4BCB8}.Release|Any CPU.ActiveCfg = Release|Any CPU
		{F06DE27E-48B1-4A4E-981C-877BACA4BCB8}.Release|Any CPU.Build.0 = Release|Any CPU
		{850E7972-77E7-4046-B68D-FE8A918356F8}.Debug|Any CPU.ActiveCfg = Debug|Any CPU
		{850E7972-77E7-4046-B68D-FE8A918356F8}.Debug|Any CPU.Build.0 = Debug|Any CPU
		{850E7972-77E7-4046-B68D-FE8A918356F8}.Release|Any CPU.ActiveCfg = Release|Any CPU
		{850E7972-77E7-4046-B68D-FE8A918356F8}.Release|Any CPU.Build.0 = Release|Any CPU
		{38B6DF73-4D45-4995-B7CA-4FE1D2BA58AB}.Debug|Any CPU.ActiveCfg = Debug|Any CPU
		{38B6DF73-4D45-4995-B7CA-4FE1D2BA58AB}.Debug|Any CPU.Build.0 = Debug|Any CPU
		{38B6DF73-4D45-4995-B7CA-4FE1D2BA58AB}.Release|Any CPU.ActiveCfg = Release|Any CPU
		{38B6DF73-4D45-4995-B7CA-4FE1D2BA58AB}.Release|Any CPU.Build.0 = Release|Any CPU
		{CF4B3EE4-9EFD-4C73-96CD-36CFD1E022B0}.Debug|Any CPU.ActiveCfg = Debug|Any CPU
		{CF4B3EE4-9EFD-4C73-96CD-36CFD1E022B0}.Debug|Any CPU.Build.0 = Debug|Any CPU
		{CF4B3EE4-9EFD-4C73-96CD-36CFD1E022B0}.Release|Any CPU.ActiveCfg = Release|Any CPU
		{CF4B3EE4-9EFD-4C73-96CD-36CFD1E022B0}.Release|Any CPU.Build.0 = Release|Any CPU
		{566F8030-3394-49AD-B89A-1113AE465154}.Debug|Any CPU.ActiveCfg = Debug|Any CPU
		{566F8030-3394-49AD-B89A-1113AE465154}.Debug|Any CPU.Build.0 = Debug|Any CPU
		{566F8030-3394-49AD-B89A-1113AE465154}.Release|Any CPU.ActiveCfg = Release|Any CPU
		{566F8030-3394-49AD-B89A-1113AE465154}.Release|Any CPU.Build.0 = Release|Any CPU
		{035EEDCC-DCC7-41A0-B3CD-FF827374A92B}.Debug|Any CPU.ActiveCfg = Debug|Any CPU
		{035EEDCC-DCC7-41A0-B3CD-FF827374A92B}.Debug|Any CPU.Build.0 = Debug|Any CPU
		{035EEDCC-DCC7-41A0-B3CD-FF827374A92B}.Release|Any CPU.ActiveCfg = Release|Any CPU
		{035EEDCC-DCC7-41A0-B3CD-FF827374A92B}.Release|Any CPU.Build.0 = Release|Any CPU
		{904A9310-5CE6-4EDF-B6E4-9F85EBE4A21D}.Debug|Any CPU.ActiveCfg = Debug|Any CPU
		{904A9310-5CE6-4EDF-B6E4-9F85EBE4A21D}.Debug|Any CPU.Build.0 = Debug|Any CPU
		{904A9310-5CE6-4EDF-B6E4-9F85EBE4A21D}.Release|Any CPU.ActiveCfg = Release|Any CPU
		{904A9310-5CE6-4EDF-B6E4-9F85EBE4A21D}.Release|Any CPU.Build.0 = Release|Any CPU
		{4D37E5FF-4833-4F14-B685-3C76D9DC1ECF}.Debug|Any CPU.ActiveCfg = Debug|Any CPU
		{4D37E5FF-4833-4F14-B685-3C76D9DC1ECF}.Debug|Any CPU.Build.0 = Debug|Any CPU
		{4D37E5FF-4833-4F14-B685-3C76D9DC1ECF}.Release|Any CPU.ActiveCfg = Release|Any CPU
		{4D37E5FF-4833-4F14-B685-3C76D9DC1ECF}.Release|Any CPU.Build.0 = Release|Any CPU
		{593ECCA6-042D-4D08-B1EF-CC0D50A37A47}.Debug|Any CPU.ActiveCfg = Debug|Any CPU
		{593ECCA6-042D-4D08-B1EF-CC0D50A37A47}.Debug|Any CPU.Build.0 = Debug|Any CPU
		{593ECCA6-042D-4D08-B1EF-CC0D50A37A47}.Release|Any CPU.ActiveCfg = Release|Any CPU
		{593ECCA6-042D-4D08-B1EF-CC0D50A37A47}.Release|Any CPU.Build.0 = Release|Any CPU
		{61584338-191C-41B1-B874-628F7EA30C64}.Debug|Any CPU.ActiveCfg = Debug|Any CPU
		{61584338-191C-41B1-B874-628F7EA30C64}.Debug|Any CPU.Build.0 = Debug|Any CPU
		{61584338-191C-41B1-B874-628F7EA30C64}.Release|Any CPU.ActiveCfg = Release|Any CPU
		{61584338-191C-41B1-B874-628F7EA30C64}.Release|Any CPU.Build.0 = Release|Any CPU
		{3CBF3F0C-665C-4BC2-9B49-4B291EDC1BA4}.Debug|Any CPU.ActiveCfg = Debug|Any CPU
		{3CBF3F0C-665C-4BC2-9B49-4B291EDC1BA4}.Debug|Any CPU.Build.0 = Debug|Any CPU
		{3CBF3F0C-665C-4BC2-9B49-4B291EDC1BA4}.Release|Any CPU.ActiveCfg = Release|Any CPU
		{3CBF3F0C-665C-4BC2-9B49-4B291EDC1BA4}.Release|Any CPU.Build.0 = Release|Any CPU
		{371BB183-8664-431E-9420-50E7EA3AD00A}.Debug|Any CPU.ActiveCfg = Debug|Any CPU
		{371BB183-8664-431E-9420-50E7EA3AD00A}.Debug|Any CPU.Build.0 = Debug|Any CPU
		{371BB183-8664-431E-9420-50E7EA3AD00A}.Release|Any CPU.ActiveCfg = Release|Any CPU
		{371BB183-8664-431E-9420-50E7EA3AD00A}.Release|Any CPU.Build.0 = Release|Any CPU
		{A84E8EAD-6778-45EE-8F75-6BF8B0725F08}.Debug|Any CPU.ActiveCfg = Debug|Any CPU
		{A84E8EAD-6778-45EE-8F75-6BF8B0725F08}.Debug|Any CPU.Build.0 = Debug|Any CPU
		{A84E8EAD-6778-45EE-8F75-6BF8B0725F08}.Release|Any CPU.ActiveCfg = Release|Any CPU
		{A84E8EAD-6778-45EE-8F75-6BF8B0725F08}.Release|Any CPU.Build.0 = Release|Any CPU
		{A2E0EB8C-5EB9-444C-B08F-116E80210A7E}.Debug|Any CPU.ActiveCfg = Debug|Any CPU
		{A2E0EB8C-5EB9-444C-B08F-116E80210A7E}.Debug|Any CPU.Build.0 = Debug|Any CPU
		{A2E0EB8C-5EB9-444C-B08F-116E80210A7E}.Release|Any CPU.ActiveCfg = Release|Any CPU
		{A2E0EB8C-5EB9-444C-B08F-116E80210A7E}.Release|Any CPU.Build.0 = Release|Any CPU
		{8C326CDA-A0A5-494A-B3A9-8CD2B3034178}.Debug|Any CPU.ActiveCfg = Debug|Any CPU
		{8C326CDA-A0A5-494A-B3A9-8CD2B3034178}.Debug|Any CPU.Build.0 = Debug|Any CPU
		{8C326CDA-A0A5-494A-B3A9-8CD2B3034178}.Release|Any CPU.ActiveCfg = Release|Any CPU
		{8C326CDA-A0A5-494A-B3A9-8CD2B3034178}.Release|Any CPU.Build.0 = Release|Any CPU
		{886EDC06-4C26-49E0-8B55-CBCF1CBBD7FE}.Debug|Any CPU.ActiveCfg = Debug|Any CPU
		{886EDC06-4C26-49E0-8B55-CBCF1CBBD7FE}.Debug|Any CPU.Build.0 = Debug|Any CPU
		{886EDC06-4C26-49E0-8B55-CBCF1CBBD7FE}.Release|Any CPU.ActiveCfg = Release|Any CPU
		{886EDC06-4C26-49E0-8B55-CBCF1CBBD7FE}.Release|Any CPU.Build.0 = Release|Any CPU
		{872F07B7-03E2-4CD4-ABFE-BB220E8617D5}.Debug|Any CPU.ActiveCfg = Debug|Any CPU
		{872F07B7-03E2-4CD4-ABFE-BB220E8617D5}.Debug|Any CPU.Build.0 = Debug|Any CPU
		{872F07B7-03E2-4CD4-ABFE-BB220E8617D5}.Release|Any CPU.ActiveCfg = Release|Any CPU
		{872F07B7-03E2-4CD4-ABFE-BB220E8617D5}.Release|Any CPU.Build.0 = Release|Any CPU
		{BA1F2721-43FA-4ADC-9D80-1BDEA417795D}.Debug|Any CPU.ActiveCfg = Debug|Any CPU
		{BA1F2721-43FA-4ADC-9D80-1BDEA417795D}.Debug|Any CPU.Build.0 = Debug|Any CPU
		{BA1F2721-43FA-4ADC-9D80-1BDEA417795D}.Release|Any CPU.ActiveCfg = Release|Any CPU
		{BA1F2721-43FA-4ADC-9D80-1BDEA417795D}.Release|Any CPU.Build.0 = Release|Any CPU
		{B6586E8C-7BA3-4C9F-A3C1-8AE212A2BE53}.Debug|Any CPU.ActiveCfg = Debug|Any CPU
		{B6586E8C-7BA3-4C9F-A3C1-8AE212A2BE53}.Debug|Any CPU.Build.0 = Debug|Any CPU
		{B6586E8C-7BA3-4C9F-A3C1-8AE212A2BE53}.Release|Any CPU.ActiveCfg = Release|Any CPU
		{B6586E8C-7BA3-4C9F-A3C1-8AE212A2BE53}.Release|Any CPU.Build.0 = Release|Any CPU
		{47C9E123-0D65-48D3-A1FC-5442140F1833}.Debug|Any CPU.ActiveCfg = Debug|Any CPU
		{47C9E123-0D65-48D3-A1FC-5442140F1833}.Debug|Any CPU.Build.0 = Debug|Any CPU
		{47C9E123-0D65-48D3-A1FC-5442140F1833}.Release|Any CPU.ActiveCfg = Release|Any CPU
		{47C9E123-0D65-48D3-A1FC-5442140F1833}.Release|Any CPU.Build.0 = Release|Any CPU
		{BAB48F7F-BEB4-4CE0-9650-48EEF7E0FE4B}.Debug|Any CPU.ActiveCfg = Debug|Any CPU
		{BAB48F7F-BEB4-4CE0-9650-48EEF7E0FE4B}.Debug|Any CPU.Build.0 = Debug|Any CPU
		{BAB48F7F-BEB4-4CE0-9650-48EEF7E0FE4B}.Release|Any CPU.ActiveCfg = Release|Any CPU
		{BAB48F7F-BEB4-4CE0-9650-48EEF7E0FE4B}.Release|Any CPU.Build.0 = Release|Any CPU
		{01D5BF83-C783-4DF2-8D55-35823B5E7253}.Debug|Any CPU.ActiveCfg = Debug|Any CPU
		{01D5BF83-C783-4DF2-8D55-35823B5E7253}.Debug|Any CPU.Build.0 = Debug|Any CPU
		{01D5BF83-C783-4DF2-8D55-35823B5E7253}.Release|Any CPU.ActiveCfg = Release|Any CPU
		{01D5BF83-C783-4DF2-8D55-35823B5E7253}.Release|Any CPU.Build.0 = Release|Any CPU
		{CFC7584C-93D7-4216-B5E1-DBE1A4A338FA}.Debug|Any CPU.ActiveCfg = Debug|Any CPU
		{CFC7584C-93D7-4216-B5E1-DBE1A4A338FA}.Debug|Any CPU.Build.0 = Debug|Any CPU
		{CFC7584C-93D7-4216-B5E1-DBE1A4A338FA}.Release|Any CPU.ActiveCfg = Release|Any CPU
		{CFC7584C-93D7-4216-B5E1-DBE1A4A338FA}.Release|Any CPU.Build.0 = Release|Any CPU
		{4910BE95-4391-40F2-AE1B-7823D2AEC133}.Debug|Any CPU.ActiveCfg = Debug|Any CPU
		{4910BE95-4391-40F2-AE1B-7823D2AEC133}.Debug|Any CPU.Build.0 = Debug|Any CPU
		{4910BE95-4391-40F2-AE1B-7823D2AEC133}.Release|Any CPU.ActiveCfg = Release|Any CPU
		{4910BE95-4391-40F2-AE1B-7823D2AEC133}.Release|Any CPU.Build.0 = Release|Any CPU
		{D7A67590-0A68-4BAE-B420-FA3C2BEC8643}.Debug|Any CPU.ActiveCfg = Debug|Any CPU
		{D7A67590-0A68-4BAE-B420-FA3C2BEC8643}.Debug|Any CPU.Build.0 = Debug|Any CPU
		{D7A67590-0A68-4BAE-B420-FA3C2BEC8643}.Release|Any CPU.ActiveCfg = Release|Any CPU
		{D7A67590-0A68-4BAE-B420-FA3C2BEC8643}.Release|Any CPU.Build.0 = Release|Any CPU
		{CC2AC24F-EF36-4446-8AAB-553C99AF6501}.Debug|Any CPU.ActiveCfg = Debug|Any CPU
		{CC2AC24F-EF36-4446-8AAB-553C99AF6501}.Debug|Any CPU.Build.0 = Debug|Any CPU
		{CC2AC24F-EF36-4446-8AAB-553C99AF6501}.Release|Any CPU.ActiveCfg = Release|Any CPU
		{CC2AC24F-EF36-4446-8AAB-553C99AF6501}.Release|Any CPU.Build.0 = Release|Any CPU
		{2E495955-566F-4EF7-BA0E-28EBEF24DB0B}.Debug|Any CPU.ActiveCfg = Debug|Any CPU
		{2E495955-566F-4EF7-BA0E-28EBEF24DB0B}.Debug|Any CPU.Build.0 = Debug|Any CPU
		{2E495955-566F-4EF7-BA0E-28EBEF24DB0B}.Release|Any CPU.ActiveCfg = Release|Any CPU
		{2E495955-566F-4EF7-BA0E-28EBEF24DB0B}.Release|Any CPU.Build.0 = Release|Any CPU
		{684752AA-0B47-4313-B3B9-4DF41506BB0F}.Debug|Any CPU.ActiveCfg = Debug|Any CPU
		{684752AA-0B47-4313-B3B9-4DF41506BB0F}.Debug|Any CPU.Build.0 = Debug|Any CPU
		{684752AA-0B47-4313-B3B9-4DF41506BB0F}.Release|Any CPU.ActiveCfg = Release|Any CPU
		{684752AA-0B47-4313-B3B9-4DF41506BB0F}.Release|Any CPU.Build.0 = Release|Any CPU
		{3D8FCC56-FDD9-45EA-9B80-9C46021EEAE4}.Debug|Any CPU.ActiveCfg = Debug|Any CPU
		{3D8FCC56-FDD9-45EA-9B80-9C46021EEAE4}.Debug|Any CPU.Build.0 = Debug|Any CPU
		{3D8FCC56-FDD9-45EA-9B80-9C46021EEAE4}.Release|Any CPU.ActiveCfg = Release|Any CPU
		{3D8FCC56-FDD9-45EA-9B80-9C46021EEAE4}.Release|Any CPU.Build.0 = Release|Any CPU
		{81366A20-55B8-41D6-A84C-240899198F0A}.Debug|Any CPU.ActiveCfg = Debug|Any CPU
		{81366A20-55B8-41D6-A84C-240899198F0A}.Debug|Any CPU.Build.0 = Debug|Any CPU
		{81366A20-55B8-41D6-A84C-240899198F0A}.Release|Any CPU.ActiveCfg = Release|Any CPU
		{81366A20-55B8-41D6-A84C-240899198F0A}.Release|Any CPU.Build.0 = Release|Any CPU
		{91165015-0E47-461D-B3A3-BBB82B18C7A4}.Debug|Any CPU.ActiveCfg = Debug|Any CPU
		{91165015-0E47-461D-B3A3-BBB82B18C7A4}.Debug|Any CPU.Build.0 = Debug|Any CPU
		{91165015-0E47-461D-B3A3-BBB82B18C7A4}.Release|Any CPU.ActiveCfg = Release|Any CPU
		{91165015-0E47-461D-B3A3-BBB82B18C7A4}.Release|Any CPU.Build.0 = Release|Any CPU
		{2F40B7D6-16B5-4316-81B2-6BFECEB2C237}.Debug|Any CPU.ActiveCfg = Debug|Any CPU
		{2F40B7D6-16B5-4316-81B2-6BFECEB2C237}.Debug|Any CPU.Build.0 = Debug|Any CPU
		{2F40B7D6-16B5-4316-81B2-6BFECEB2C237}.Release|Any CPU.ActiveCfg = Release|Any CPU
		{2F40B7D6-16B5-4316-81B2-6BFECEB2C237}.Release|Any CPU.Build.0 = Release|Any CPU
		{DEF9B5BB-F4DD-4A1D-AA0F-690D07B8619E}.Debug|Any CPU.ActiveCfg = Debug|Any CPU
		{DEF9B5BB-F4DD-4A1D-AA0F-690D07B8619E}.Debug|Any CPU.Build.0 = Debug|Any CPU
		{DEF9B5BB-F4DD-4A1D-AA0F-690D07B8619E}.Release|Any CPU.ActiveCfg = Release|Any CPU
		{DEF9B5BB-F4DD-4A1D-AA0F-690D07B8619E}.Release|Any CPU.Build.0 = Release|Any CPU
		{63B28304-63C6-4570-9518-FEF500D3F039}.Debug|Any CPU.ActiveCfg = Debug|Any CPU
		{63B28304-63C6-4570-9518-FEF500D3F039}.Debug|Any CPU.Build.0 = Debug|Any CPU
		{63B28304-63C6-4570-9518-FEF500D3F039}.Release|Any CPU.ActiveCfg = Release|Any CPU
		{63B28304-63C6-4570-9518-FEF500D3F039}.Release|Any CPU.Build.0 = Release|Any CPU
		{825FD1CB-D425-4033-B7BA-BA23EA7BF34A}.Debug|Any CPU.ActiveCfg = Debug|Any CPU
		{825FD1CB-D425-4033-B7BA-BA23EA7BF34A}.Debug|Any CPU.Build.0 = Debug|Any CPU
		{825FD1CB-D425-4033-B7BA-BA23EA7BF34A}.Release|Any CPU.ActiveCfg = Release|Any CPU
		{825FD1CB-D425-4033-B7BA-BA23EA7BF34A}.Release|Any CPU.Build.0 = Release|Any CPU
		{4FEFA8ED-E2F9-4B63-9890-42F9C199A887}.Debug|Any CPU.ActiveCfg = Debug|Any CPU
		{4FEFA8ED-E2F9-4B63-9890-42F9C199A887}.Debug|Any CPU.Build.0 = Debug|Any CPU
		{4FEFA8ED-E2F9-4B63-9890-42F9C199A887}.Release|Any CPU.ActiveCfg = Release|Any CPU
		{4FEFA8ED-E2F9-4B63-9890-42F9C199A887}.Release|Any CPU.Build.0 = Release|Any CPU
		{BFD705AF-24DC-453E-8E70-E55AE266B6E6}.Debug|Any CPU.ActiveCfg = Debug|Any CPU
		{BFD705AF-24DC-453E-8E70-E55AE266B6E6}.Debug|Any CPU.Build.0 = Debug|Any CPU
		{BFD705AF-24DC-453E-8E70-E55AE266B6E6}.Release|Any CPU.ActiveCfg = Release|Any CPU
		{BFD705AF-24DC-453E-8E70-E55AE266B6E6}.Release|Any CPU.Build.0 = Release|Any CPU
		{56B87041-2637-45B3-86DB-41A5A7F5DCB1}.Debug|Any CPU.ActiveCfg = Debug|Any CPU
		{56B87041-2637-45B3-86DB-41A5A7F5DCB1}.Debug|Any CPU.Build.0 = Debug|Any CPU
		{56B87041-2637-45B3-86DB-41A5A7F5DCB1}.Release|Any CPU.ActiveCfg = Release|Any CPU
		{56B87041-2637-45B3-86DB-41A5A7F5DCB1}.Release|Any CPU.Build.0 = Release|Any CPU
		{F81CCB89-D1BA-47D6-A8C8-8E52EAFEDEE2}.Debug|Any CPU.ActiveCfg = Debug|Any CPU
		{F81CCB89-D1BA-47D6-A8C8-8E52EAFEDEE2}.Debug|Any CPU.Build.0 = Debug|Any CPU
		{F81CCB89-D1BA-47D6-A8C8-8E52EAFEDEE2}.Release|Any CPU.ActiveCfg = Release|Any CPU
		{F81CCB89-D1BA-47D6-A8C8-8E52EAFEDEE2}.Release|Any CPU.Build.0 = Release|Any CPU
		{DD2040B6-78F6-4BBF-BD22-CBAB37AB2FD3}.Debug|Any CPU.ActiveCfg = Debug|Any CPU
		{DD2040B6-78F6-4BBF-BD22-CBAB37AB2FD3}.Debug|Any CPU.Build.0 = Debug|Any CPU
		{DD2040B6-78F6-4BBF-BD22-CBAB37AB2FD3}.Release|Any CPU.ActiveCfg = Release|Any CPU
		{DD2040B6-78F6-4BBF-BD22-CBAB37AB2FD3}.Release|Any CPU.Build.0 = Release|Any CPU
		{5DF0BEB0-9AAF-4F69-87C6-1B68D76F6849}.Debug|Any CPU.ActiveCfg = Debug|Any CPU
		{5DF0BEB0-9AAF-4F69-87C6-1B68D76F6849}.Debug|Any CPU.Build.0 = Debug|Any CPU
		{5DF0BEB0-9AAF-4F69-87C6-1B68D76F6849}.Release|Any CPU.ActiveCfg = Release|Any CPU
		{5DF0BEB0-9AAF-4F69-87C6-1B68D76F6849}.Release|Any CPU.Build.0 = Release|Any CPU
		{987890D5-136C-4ABB-B66E-1346182C6E27}.Debug|Any CPU.ActiveCfg = Debug|Any CPU
		{987890D5-136C-4ABB-B66E-1346182C6E27}.Debug|Any CPU.Build.0 = Debug|Any CPU
		{987890D5-136C-4ABB-B66E-1346182C6E27}.Release|Any CPU.ActiveCfg = Release|Any CPU
		{987890D5-136C-4ABB-B66E-1346182C6E27}.Release|Any CPU.Build.0 = Release|Any CPU
		{ACB5F886-B32C-466E-B9A5-182DAAECA5A5}.Debug|Any CPU.ActiveCfg = Debug|Any CPU
		{ACB5F886-B32C-466E-B9A5-182DAAECA5A5}.Debug|Any CPU.Build.0 = Debug|Any CPU
		{ACB5F886-B32C-466E-B9A5-182DAAECA5A5}.Release|Any CPU.ActiveCfg = Release|Any CPU
		{ACB5F886-B32C-466E-B9A5-182DAAECA5A5}.Release|Any CPU.Build.0 = Release|Any CPU
		{2BBFC613-7A94-4928-B762-96899F54560C}.Debug|Any CPU.ActiveCfg = Debug|Any CPU
		{2BBFC613-7A94-4928-B762-96899F54560C}.Debug|Any CPU.Build.0 = Debug|Any CPU
		{2BBFC613-7A94-4928-B762-96899F54560C}.Release|Any CPU.ActiveCfg = Release|Any CPU
		{2BBFC613-7A94-4928-B762-96899F54560C}.Release|Any CPU.Build.0 = Release|Any CPU
	EndGlobalSection
	GlobalSection(SolutionProperties) = preSolution
		HideSolutionNode = FALSE
	EndGlobalSection
	GlobalSection(NestedProjects) = preSolution
		{4F0BD2DE-7D77-42D7-90AA-D59C321CDCDD} = {C465FF7B-B27D-41FD-B0C9-3B20E432B780}
		{61B84AFD-C415-4658-BC3D-B0B252BA21D7} = {C465FF7B-B27D-41FD-B0C9-3B20E432B780}
		{13FFADBB-31DD-4039-8945-ABCEDD4C66C5} = {C465FF7B-B27D-41FD-B0C9-3B20E432B780}
		{589D0C7A-DD2F-4233-80B4-93D1BC275B26} = {41086F6D-8E45-4482-9B0C-0B2B48197C39}
		{DA905C2C-FBD8-4CE0-B9C5-86D6E9C95DDC} = {41086F6D-8E45-4482-9B0C-0B2B48197C39}
		{3EC8B713-8C49-42A7-AE09-B19051DF7C63} = {41086F6D-8E45-4482-9B0C-0B2B48197C39}
		{D763876D-477A-46D4-BB60-72AEE02FF968} = {41086F6D-8E45-4482-9B0C-0B2B48197C39}
		{478150A0-2861-46B2-B518-01B2A23A78B2} = {41086F6D-8E45-4482-9B0C-0B2B48197C39}
		{1FFF772E-DCC2-49FF-96CB-29BDA461768C} = {26BC8FBF-4F90-4BFD-BF3E-196949A601F7}
		{DDDFE464-6B37-4553-A3CE-700DE9B1B870} = {26BC8FBF-4F90-4BFD-BF3E-196949A601F7}
		{D3E010C8-4568-4FA6-8DD1-AD865718C557} = {26BC8FBF-4F90-4BFD-BF3E-196949A601F7}
		{378D618A-9A01-4969-AE54-06C92B934FC7} = {26BC8FBF-4F90-4BFD-BF3E-196949A601F7}
		{DF35AD41-1C9F-4AFC-809B-312E95FA2978} = {26BC8FBF-4F90-4BFD-BF3E-196949A601F7}
		{FDA2C39D-7D62-4C06-B008-5E84673BC198} = {26BC8FBF-4F90-4BFD-BF3E-196949A601F7}
		{503AF8D3-2811-4244-8B7E-11A55E0B8238} = {26BC8FBF-4F90-4BFD-BF3E-196949A601F7}
		{22620618-C9D6-470B-B066-49B67B4D022D} = {26BC8FBF-4F90-4BFD-BF3E-196949A601F7}
		{F6608BBC-F986-45B9-AFAF-8C56EBC9CFC7} = {26BC8FBF-4F90-4BFD-BF3E-196949A601F7}
		{F06DE27E-48B1-4A4E-981C-877BACA4BCB8} = {26BC8FBF-4F90-4BFD-BF3E-196949A601F7}
		{850E7972-77E7-4046-B68D-FE8A918356F8} = {26BC8FBF-4F90-4BFD-BF3E-196949A601F7}
		{38B6DF73-4D45-4995-B7CA-4FE1D2BA58AB} = {26BC8FBF-4F90-4BFD-BF3E-196949A601F7}
		{CF4B3EE4-9EFD-4C73-96CD-36CFD1E022B0} = {2549CE9F-44EC-4C87-90D1-EC0E27F38771}
		{566F8030-3394-49AD-B89A-1113AE465154} = {2549CE9F-44EC-4C87-90D1-EC0E27F38771}
		{035EEDCC-DCC7-41A0-B3CD-FF827374A92B} = {2549CE9F-44EC-4C87-90D1-EC0E27F38771}
		{904A9310-5CE6-4EDF-B6E4-9F85EBE4A21D} = {2549CE9F-44EC-4C87-90D1-EC0E27F38771}
		{4D37E5FF-4833-4F14-B685-3C76D9DC1ECF} = {2549CE9F-44EC-4C87-90D1-EC0E27F38771}
		{593ECCA6-042D-4D08-B1EF-CC0D50A37A47} = {2549CE9F-44EC-4C87-90D1-EC0E27F38771}
		{61584338-191C-41B1-B874-628F7EA30C64} = {2549CE9F-44EC-4C87-90D1-EC0E27F38771}
		{3CBF3F0C-665C-4BC2-9B49-4B291EDC1BA4} = {2549CE9F-44EC-4C87-90D1-EC0E27F38771}
		{371BB183-8664-431E-9420-50E7EA3AD00A} = {2549CE9F-44EC-4C87-90D1-EC0E27F38771}
		{A84E8EAD-6778-45EE-8F75-6BF8B0725F08} = {2549CE9F-44EC-4C87-90D1-EC0E27F38771}
		{A2E0EB8C-5EB9-444C-B08F-116E80210A7E} = {2549CE9F-44EC-4C87-90D1-EC0E27F38771}
		{8C326CDA-A0A5-494A-B3A9-8CD2B3034178} = {2549CE9F-44EC-4C87-90D1-EC0E27F38771}
		{886EDC06-4C26-49E0-8B55-CBCF1CBBD7FE} = {2549CE9F-44EC-4C87-90D1-EC0E27F38771}
		{872F07B7-03E2-4CD4-ABFE-BB220E8617D5} = {2549CE9F-44EC-4C87-90D1-EC0E27F38771}
		{BA1F2721-43FA-4ADC-9D80-1BDEA417795D} = {2549CE9F-44EC-4C87-90D1-EC0E27F38771}
		{B6586E8C-7BA3-4C9F-A3C1-8AE212A2BE53} = {66D4D40C-9C00-4689-989B-C80532BDB017}
		{47C9E123-0D65-48D3-A1FC-5442140F1833} = {66D4D40C-9C00-4689-989B-C80532BDB017}
		{BAB48F7F-BEB4-4CE0-9650-48EEF7E0FE4B} = {66D4D40C-9C00-4689-989B-C80532BDB017}
		{01D5BF83-C783-4DF2-8D55-35823B5E7253} = {66D4D40C-9C00-4689-989B-C80532BDB017}
		{CFC7584C-93D7-4216-B5E1-DBE1A4A338FA} = {66D4D40C-9C00-4689-989B-C80532BDB017}
		{4910BE95-4391-40F2-AE1B-7823D2AEC133} = {66D4D40C-9C00-4689-989B-C80532BDB017}
		{D7A67590-0A68-4BAE-B420-FA3C2BEC8643} = {65F45CB2-EE08-4D75-AF69-53228E3DDF21}
		{CC2AC24F-EF36-4446-8AAB-553C99AF6501} = {65F45CB2-EE08-4D75-AF69-53228E3DDF21}
		{2E495955-566F-4EF7-BA0E-28EBEF24DB0B} = {65F45CB2-EE08-4D75-AF69-53228E3DDF21}
		{684752AA-0B47-4313-B3B9-4DF41506BB0F} = {65F45CB2-EE08-4D75-AF69-53228E3DDF21}
		{3D8FCC56-FDD9-45EA-9B80-9C46021EEAE4} = {65F45CB2-EE08-4D75-AF69-53228E3DDF21}
		{81366A20-55B8-41D6-A84C-240899198F0A} = {65F45CB2-EE08-4D75-AF69-53228E3DDF21}
		{91165015-0E47-461D-B3A3-BBB82B18C7A4} = {65F45CB2-EE08-4D75-AF69-53228E3DDF21}
		{2F40B7D6-16B5-4316-81B2-6BFECEB2C237} = {65F45CB2-EE08-4D75-AF69-53228E3DDF21}
		{DEF9B5BB-F4DD-4A1D-AA0F-690D07B8619E} = {65F45CB2-EE08-4D75-AF69-53228E3DDF21}
		{63B28304-63C6-4570-9518-FEF500D3F039} = {65F45CB2-EE08-4D75-AF69-53228E3DDF21}
		{825FD1CB-D425-4033-B7BA-BA23EA7BF34A} = {65F45CB2-EE08-4D75-AF69-53228E3DDF21}
		{4FEFA8ED-E2F9-4B63-9890-42F9C199A887} = {65F45CB2-EE08-4D75-AF69-53228E3DDF21}
		{BFD705AF-24DC-453E-8E70-E55AE266B6E6} = {65F45CB2-EE08-4D75-AF69-53228E3DDF21}
		{56B87041-2637-45B3-86DB-41A5A7F5DCB1} = {65F45CB2-EE08-4D75-AF69-53228E3DDF21}
		{F81CCB89-D1BA-47D6-A8C8-8E52EAFEDEE2} = {65F45CB2-EE08-4D75-AF69-53228E3DDF21}
		{DD2040B6-78F6-4BBF-BD22-CBAB37AB2FD3} = {65F45CB2-EE08-4D75-AF69-53228E3DDF21}
		{5DF0BEB0-9AAF-4F69-87C6-1B68D76F6849} = {65F45CB2-EE08-4D75-AF69-53228E3DDF21}
		{987890D5-136C-4ABB-B66E-1346182C6E27} = {65F45CB2-EE08-4D75-AF69-53228E3DDF21}
		{ACB5F886-B32C-466E-B9A5-182DAAECA5A5} = {65F45CB2-EE08-4D75-AF69-53228E3DDF21}
		{2BBFC613-7A94-4928-B762-96899F54560C} = {65F45CB2-EE08-4D75-AF69-53228E3DDF21}
	EndGlobalSection
EndGlobal
